
Microsoft Visual Studio Solution File, Format Version 12.00
# Visual Studio Version 17
VisualStudioVersion = 17.3.32901.215
MinimumVisualStudioVersion = 10.0.40219.1
Project("{FAE04EC0-301F-11D3-BF4B-00C04F79EFBC}") = "react_axois_API_Fetch", "react_axois_API_Fetch.csproj", "{FEAF785A-97AF-4CA6-BC35-F693A9096790}"
EndProject
Global
	GlobalSection(SolutionConfigurationPlatforms) = preSolution
		Debug|Any CPU = Debug|Any CPU
		Release|Any CPU = Release|Any CPU
	EndGlobalSection
	GlobalSection(ProjectConfigurationPlatforms) = postSolution
		{FEAF785A-97AF-4CA6-BC35-F693A9096790}.Debug|Any CPU.ActiveCfg = Debug|Any CPU
		{FEAF785A-97AF-4CA6-BC35-F693A9096790}.Debug|Any CPU.Build.0 = Debug|Any CPU
		{FEAF785A-97AF-4CA6-BC35-F693A9096790}.Release|Any CPU.ActiveCfg = Release|Any CPU
		{FEAF785A-97AF-4CA6-BC35-F693A9096790}.Release|Any CPU.Build.0 = Release|Any CPU
	EndGlobalSection
	GlobalSection(SolutionProperties) = preSolution
		HideSolutionNode = FALSE
	EndGlobalSection
	GlobalSection(ExtensibilityGlobals) = postSolution
		SolutionGuid = {6F130215-898D-4F27-A220-85CBF3E838AE}
	EndGlobalSection
EndGlobal
